
Microsoft Visual Studio Solution File, Format Version 12.00
# Visual Studio Version 17
VisualStudioVersion = 17.14.36301.6 d17.14
MinimumVisualStudioVersion = 10.0.40219.1
Project("{FAE04EC0-301F-11D3-BF4B-00C04F79EFBC}") = "Flashcards", "Flashcards\Flashcards.csproj", "{CD2EB522-393F-418B-B41A-7F61DD22E016}"
EndProject
Global
	GlobalSection(SolutionConfigurationPlatforms) = preSolution
		Debug|Any CPU = Debug|Any CPU
		Release|Any CPU = Release|Any CPU
	EndGlobalSection
	GlobalSection(ProjectConfigurationPlatforms) = postSolution
		{CD2EB522-393F-418B-B41A-7F61DD22E016}.Debug|Any CPU.ActiveCfg = Debug|Any CPU
		{CD2EB522-393F-418B-B41A-7F61DD22E016}.Debug|Any CPU.Build.0 = Debug|Any CPU
		{CD2EB522-393F-418B-B41A-7F61DD22E016}.Release|Any CPU.ActiveCfg = Release|Any CPU
		{CD2EB522-393F-418B-B41A-7F61DD22E016}.Release|Any CPU.Build.0 = Release|Any CPU
	EndGlobalSection
	GlobalSection(SolutionProperties) = preSolution
		HideSolutionNode = FALSE
	EndGlobalSection
	GlobalSection(ExtensibilityGlobals) = postSolution
		SolutionGuid = {350A8AA2-61F7-4733-87C0-86E56716EB47}
	EndGlobalSection
EndGlobal
